// !$*UTF8*$!
{
	archiveVersion = 1;
	classes = {
	};
	objectVersion = 56;
	objects = {

/* Begin PBXBuildFile section */
		9B36F202299FEB1D00D139C1 /* citylist.json in Resources */ = {isa = PBXBuildFile; fileRef = 9B36F201299FEB1C00D139C1 /* citylist.json */; };
		9B36F206299FEEA800D139C1 /* SearchViewModel.swift in Sources */ = {isa = PBXBuildFile; fileRef = 9B36F205299FEEA800D139C1 /* SearchViewModel.swift */; };
		9B36F209299FFFB300D139C1 /* SearchCoordinator.swift in Sources */ = {isa = PBXBuildFile; fileRef = 9B36F208299FFFB300D139C1 /* SearchCoordinator.swift */; };
		9BA4F9A6299CAFA3000B3C8B /* AppDelegate.swift in Sources */ = {isa = PBXBuildFile; fileRef = 9BA4F9A5299CAFA3000B3C8B /* AppDelegate.swift */; };
		9BA4F9A8299CAFA3000B3C8B /* SceneDelegate.swift in Sources */ = {isa = PBXBuildFile; fileRef = 9BA4F9A7299CAFA3000B3C8B /* SceneDelegate.swift */; };
		9BA4F9AA299CAFA3000B3C8B /* MainViewController.swift in Sources */ = {isa = PBXBuildFile; fileRef = 9BA4F9A9299CAFA3000B3C8B /* MainViewController.swift */; };
		9BA4F9AF299CAFA7000B3C8B /* Assets.xcassets in Resources */ = {isa = PBXBuildFile; fileRef = 9BA4F9AE299CAFA7000B3C8B /* Assets.xcassets */; };
		9BA4F9B2299CAFA7000B3C8B /* LaunchScreen.storyboard in Resources */ = {isa = PBXBuildFile; fileRef = 9BA4F9B0299CAFA7000B3C8B /* LaunchScreen.storyboard */; };
		9BA4F9BB299CB38F000B3C8B /* RxCocoa in Frameworks */ = {isa = PBXBuildFile; productRef = 9BA4F9BA299CB38F000B3C8B /* RxCocoa */; };
		9BA4F9BD299CB38F000B3C8B /* RxSwift in Frameworks */ = {isa = PBXBuildFile; productRef = 9BA4F9BC299CB38F000B3C8B /* RxSwift */; };
		9BA4F9C0299CB3A3000B3C8B /* SnapKit in Frameworks */ = {isa = PBXBuildFile; productRef = 9BA4F9BF299CB3A3000B3C8B /* SnapKit */; };
		9BA4F9C7299CB4D8000B3C8B /* Coordinator.swift in Sources */ = {isa = PBXBuildFile; fileRef = 9BA4F9C6299CB4D8000B3C8B /* Coordinator.swift */; };
		9BA4F9C9299CB4F1000B3C8B /* AppCoordinator.swift in Sources */ = {isa = PBXBuildFile; fileRef = 9BA4F9C8299CB4F1000B3C8B /* AppCoordinator.swift */; };
		9BA4F9CF299CE618000B3C8B /* MainCoordinator.swift in Sources */ = {isa = PBXBuildFile; fileRef = 9BA4F9CE299CE618000B3C8B /* MainCoordinator.swift */; };
		9BA4F9D2299CE900000B3C8B /* Then.swift in Sources */ = {isa = PBXBuildFile; fileRef = 9BA4F9D1299CE900000B3C8B /* Then.swift */; };
		9BA4F9D5299CECE5000B3C8B /* MainView.swift in Sources */ = {isa = PBXBuildFile; fileRef = 9BA4F9D4299CECE5000B3C8B /* MainView.swift */; };
		9BA4F9DA299DE4D0000B3C8B /* WeatherEndpointAPI.swift in Sources */ = {isa = PBXBuildFile; fileRef = 9BA4F9D9299DE4D0000B3C8B /* WeatherEndpointAPI.swift */; };
		9BA4F9DD299DE8B4000B3C8B /* Endpoint.swift in Sources */ = {isa = PBXBuildFile; fileRef = 9BA4F9DC299DE8B4000B3C8B /* Endpoint.swift */; };
		9BA4F9E0299DEABB000B3C8B /* HTTPError.swift in Sources */ = {isa = PBXBuildFile; fileRef = 9BA4F9DF299DEABB000B3C8B /* HTTPError.swift */; };
		9BA4F9E2299DEEB4000B3C8B /* WeatherAPIInfo.plist in Resources */ = {isa = PBXBuildFile; fileRef = 9BA4F9E1299DEEB4000B3C8B /* WeatherAPIInfo.plist */; };
		9BA4F9E4299DF09A000B3C8B /* Bundle+Extension.swift in Sources */ = {isa = PBXBuildFile; fileRef = 9BA4F9E3299DF09A000B3C8B /* Bundle+Extension.swift */; };
		9BA4F9E6299DF4ED000B3C8B /* NetworkService.swift in Sources */ = {isa = PBXBuildFile; fileRef = 9BA4F9E5299DF4ED000B3C8B /* NetworkService.swift */; };
		9BA4F9E8299DF69D000B3C8B /* WeatherServiceError.swift in Sources */ = {isa = PBXBuildFile; fileRef = 9BA4F9E7299DF69D000B3C8B /* WeatherServiceError.swift */; };
		9BD27D8A299E109200359C4D /* WeatherInfoDTO.swift in Sources */ = {isa = PBXBuildFile; fileRef = 9BD27D89299E109200359C4D /* WeatherInfoDTO.swift */; };
		9BD27D8C299E115A00359C4D /* ObservationInfoDTO.swift in Sources */ = {isa = PBXBuildFile; fileRef = 9BD27D8B299E115A00359C4D /* ObservationInfoDTO.swift */; };
		9BD27D8E299E13A400359C4D /* CityDTO.swift in Sources */ = {isa = PBXBuildFile; fileRef = 9BD27D8D299E13A400359C4D /* CityDTO.swift */; };
		9BD27D90299E14DF00359C4D /* CoordDTO.swift in Sources */ = {isa = PBXBuildFile; fileRef = 9BD27D8F299E14DF00359C4D /* CoordDTO.swift */; };
		9BD27D92299E17EB00359C4D /* ClimateDTO.swift in Sources */ = {isa = PBXBuildFile; fileRef = 9BD27D91299E17EB00359C4D /* ClimateDTO.swift */; };
		9BD27D94299E18A100359C4D /* WeatherDTO.swift in Sources */ = {isa = PBXBuildFile; fileRef = 9BD27D93299E18A100359C4D /* WeatherDTO.swift */; };
		9BD27D9B299E1B7600359C4D /* CloudsDTO.swift in Sources */ = {isa = PBXBuildFile; fileRef = 9BD27D9A299E1B7600359C4D /* CloudsDTO.swift */; };
		9BD27D9D299E1C2400359C4D /* WindDTO.swift in Sources */ = {isa = PBXBuildFile; fileRef = 9BD27D9C299E1C2400359C4D /* WindDTO.swift */; };
		9BD27D9F299E1CB600359C4D /* SysDTO.swift in Sources */ = {isa = PBXBuildFile; fileRef = 9BD27D9E299E1CB600359C4D /* SysDTO.swift */; };
		9BD27DA1299E1DA600359C4D /* RainDTO.swift in Sources */ = {isa = PBXBuildFile; fileRef = 9BD27DA0299E1DA600359C4D /* RainDTO.swift */; };
		9BD27DA6299E382C00359C4D /* WeatherInfo.swift in Sources */ = {isa = PBXBuildFile; fileRef = 9BD27DA5299E382C00359C4D /* WeatherInfo.swift */; };
		9BD27DA8299E38CE00359C4D /* City.swift in Sources */ = {isa = PBXBuildFile; fileRef = 9BD27DA7299E38CE00359C4D /* City.swift */; };
		9BD27DAA299E396300359C4D /* ObservationInfo.swift in Sources */ = {isa = PBXBuildFile; fileRef = 9BD27DA9299E396300359C4D /* ObservationInfo.swift */; };
		9BD27DAF299E54CF00359C4D /* WeatherRepository.swift in Sources */ = {isa = PBXBuildFile; fileRef = 9BD27DAE299E54CF00359C4D /* WeatherRepository.swift */; };
		9BD27DB2299E58F300359C4D /* WeatherRepositoryable.swift in Sources */ = {isa = PBXBuildFile; fileRef = 9BD27DB1299E58F300359C4D /* WeatherRepositoryable.swift */; };
		9BD27DB5299E597D00359C4D /* WeatherUseCase.swift in Sources */ = {isa = PBXBuildFile; fileRef = 9BD27DB4299E597D00359C4D /* WeatherUseCase.swift */; };
		9BD27DB7299E61DD00359C4D /* DayWeatherInfo.swift in Sources */ = {isa = PBXBuildFile; fileRef = 9BD27DB6299E61DD00359C4D /* DayWeatherInfo.swift */; };
		9BD27DBA299F295700359C4D /* UIStackView+Extension.swift in Sources */ = {isa = PBXBuildFile; fileRef = 9BD27DB9299F295700359C4D /* UIStackView+Extension.swift */; };
		9BD27DBC299F298900359C4D /* UIView+Extension.swift in Sources */ = {isa = PBXBuildFile; fileRef = 9BD27DBB299F298900359C4D /* UIView+Extension.swift */; };
		9BD27DBE299F424C00359C4D /* RoundView.swift in Sources */ = {isa = PBXBuildFile; fileRef = 9BD27DBD299F424C00359C4D /* RoundView.swift */; };
		9BD27DC0299F468700359C4D /* RoundLabelView.swift in Sources */ = {isa = PBXBuildFile; fileRef = 9BD27DBF299F468700359C4D /* RoundLabelView.swift */; };
		9BD27DC2299F568400359C4D /* RoundTableView.swift in Sources */ = {isa = PBXBuildFile; fileRef = 9BD27DC1299F568400359C4D /* RoundTableView.swift */; };
		9BD27DC5299F578800359C4D /* WeatherTableViewCell.swift in Sources */ = {isa = PBXBuildFile; fileRef = 9BD27DC4299F578800359C4D /* WeatherTableViewCell.swift */; };
		9BD27DC7299F634900359C4D /* WeatherCollectionViewCell.swift in Sources */ = {isa = PBXBuildFile; fileRef = 9BD27DC6299F634900359C4D /* WeatherCollectionViewCell.swift */; };
		9BD27DC9299F644900359C4D /* RoundCollectionView.swift in Sources */ = {isa = PBXBuildFile; fileRef = 9BD27DC8299F644900359C4D /* RoundCollectionView.swift */; };
		9BD27DCC299F6F0000359C4D /* MainViewModel.swift in Sources */ = {isa = PBXBuildFile; fileRef = 9BD27DCB299F6F0000359C4D /* MainViewModel.swift */; };
		9BD27DCE299FD04700359C4D /* UIViewController+Extension.swift in Sources */ = {isa = PBXBuildFile; fileRef = 9BD27DCD299FD04700359C4D /* UIViewController+Extension.swift */; };
		9BD27DD0299FD07300359C4D /* UIAlertController+Extension.swift in Sources */ = {isa = PBXBuildFile; fileRef = 9BD27DCF299FD07300359C4D /* UIAlertController+Extension.swift */; };
		9BD27DD3299FE0F100359C4D /* SearchViewController.swift in Sources */ = {isa = PBXBuildFile; fileRef = 9BD27DD2299FE0F100359C4D /* SearchViewController.swift */; };
		9BD27DD6299FE4D900359C4D /* SearchTableViewCell.swift in Sources */ = {isa = PBXBuildFile; fileRef = 9BD27DD5299FE4D900359C4D /* SearchTableViewCell.swift */; };
/* End PBXBuildFile section */

/* Begin PBXFileReference section */
		9B36F201299FEB1C00D139C1 /* citylist.json */ = {isa = PBXFileReference; fileEncoding = 4; lastKnownFileType = text.json; path = citylist.json; sourceTree = "<group>"; };
		9B36F205299FEEA800D139C1 /* SearchViewModel.swift */ = {isa = PBXFileReference; lastKnownFileType = sourcecode.swift; path = SearchViewModel.swift; sourceTree = "<group>"; };
		9B36F208299FFFB300D139C1 /* SearchCoordinator.swift */ = {isa = PBXFileReference; lastKnownFileType = sourcecode.swift; path = SearchCoordinator.swift; sourceTree = "<group>"; };
		9BA4F9A2299CAFA3000B3C8B /* WeatherApp.app */ = {isa = PBXFileReference; explicitFileType = wrapper.application; includeInIndex = 0; path = WeatherApp.app; sourceTree = BUILT_PRODUCTS_DIR; };
		9BA4F9A5299CAFA3000B3C8B /* AppDelegate.swift */ = {isa = PBXFileReference; lastKnownFileType = sourcecode.swift; path = AppDelegate.swift; sourceTree = "<group>"; };
		9BA4F9A7299CAFA3000B3C8B /* SceneDelegate.swift */ = {isa = PBXFileReference; lastKnownFileType = sourcecode.swift; path = SceneDelegate.swift; sourceTree = "<group>"; };
		9BA4F9A9299CAFA3000B3C8B /* MainViewController.swift */ = {isa = PBXFileReference; lastKnownFileType = sourcecode.swift; path = MainViewController.swift; sourceTree = "<group>"; };
		9BA4F9AE299CAFA7000B3C8B /* Assets.xcassets */ = {isa = PBXFileReference; lastKnownFileType = folder.assetcatalog; path = Assets.xcassets; sourceTree = "<group>"; };
		9BA4F9B1299CAFA7000B3C8B /* Base */ = {isa = PBXFileReference; lastKnownFileType = file.storyboard; name = Base; path = Base.lproj/LaunchScreen.storyboard; sourceTree = "<group>"; };
		9BA4F9B3299CAFA7000B3C8B /* Info.plist */ = {isa = PBXFileReference; lastKnownFileType = text.plist.xml; path = Info.plist; sourceTree = "<group>"; };
		9BA4F9C6299CB4D8000B3C8B /* Coordinator.swift */ = {isa = PBXFileReference; lastKnownFileType = sourcecode.swift; path = Coordinator.swift; sourceTree = "<group>"; };
		9BA4F9C8299CB4F1000B3C8B /* AppCoordinator.swift */ = {isa = PBXFileReference; lastKnownFileType = sourcecode.swift; path = AppCoordinator.swift; sourceTree = "<group>"; };
		9BA4F9CE299CE618000B3C8B /* MainCoordinator.swift */ = {isa = PBXFileReference; lastKnownFileType = sourcecode.swift; path = MainCoordinator.swift; sourceTree = "<group>"; };
		9BA4F9D1299CE900000B3C8B /* Then.swift */ = {isa = PBXFileReference; lastKnownFileType = sourcecode.swift; path = Then.swift; sourceTree = "<group>"; };
		9BA4F9D4299CECE5000B3C8B /* MainView.swift */ = {isa = PBXFileReference; lastKnownFileType = sourcecode.swift; path = MainView.swift; sourceTree = "<group>"; };
		9BA4F9D9299DE4D0000B3C8B /* WeatherEndpointAPI.swift */ = {isa = PBXFileReference; lastKnownFileType = sourcecode.swift; path = WeatherEndpointAPI.swift; sourceTree = "<group>"; };
		9BA4F9DC299DE8B4000B3C8B /* Endpoint.swift */ = {isa = PBXFileReference; lastKnownFileType = sourcecode.swift; path = Endpoint.swift; sourceTree = "<group>"; };
		9BA4F9DF299DEABB000B3C8B /* HTTPError.swift */ = {isa = PBXFileReference; lastKnownFileType = sourcecode.swift; path = HTTPError.swift; sourceTree = "<group>"; };
		9BA4F9E1299DEEB4000B3C8B /* WeatherAPIInfo.plist */ = {isa = PBXFileReference; lastKnownFileType = text.plist.xml; path = WeatherAPIInfo.plist; sourceTree = "<group>"; };
		9BA4F9E3299DF09A000B3C8B /* Bundle+Extension.swift */ = {isa = PBXFileReference; lastKnownFileType = sourcecode.swift; path = "Bundle+Extension.swift"; sourceTree = "<group>"; };
		9BA4F9E5299DF4ED000B3C8B /* NetworkService.swift */ = {isa = PBXFileReference; lastKnownFileType = sourcecode.swift; path = NetworkService.swift; sourceTree = "<group>"; };
		9BA4F9E7299DF69D000B3C8B /* WeatherServiceError.swift */ = {isa = PBXFileReference; lastKnownFileType = sourcecode.swift; path = WeatherServiceError.swift; sourceTree = "<group>"; };
		9BD27D89299E109200359C4D /* WeatherInfoDTO.swift */ = {isa = PBXFileReference; lastKnownFileType = sourcecode.swift; path = WeatherInfoDTO.swift; sourceTree = "<group>"; };
		9BD27D8B299E115A00359C4D /* ObservationInfoDTO.swift */ = {isa = PBXFileReference; lastKnownFileType = sourcecode.swift; path = ObservationInfoDTO.swift; sourceTree = "<group>"; };
		9BD27D8D299E13A400359C4D /* CityDTO.swift */ = {isa = PBXFileReference; lastKnownFileType = sourcecode.swift; path = CityDTO.swift; sourceTree = "<group>"; };
		9BD27D8F299E14DF00359C4D /* CoordDTO.swift */ = {isa = PBXFileReference; lastKnownFileType = sourcecode.swift; path = CoordDTO.swift; sourceTree = "<group>"; };
		9BD27D91299E17EB00359C4D /* ClimateDTO.swift */ = {isa = PBXFileReference; lastKnownFileType = sourcecode.swift; path = ClimateDTO.swift; sourceTree = "<group>"; };
		9BD27D93299E18A100359C4D /* WeatherDTO.swift */ = {isa = PBXFileReference; lastKnownFileType = sourcecode.swift; path = WeatherDTO.swift; sourceTree = "<group>"; };
		9BD27D9A299E1B7600359C4D /* CloudsDTO.swift */ = {isa = PBXFileReference; lastKnownFileType = sourcecode.swift; path = CloudsDTO.swift; sourceTree = "<group>"; };
		9BD27D9C299E1C2400359C4D /* WindDTO.swift */ = {isa = PBXFileReference; lastKnownFileType = sourcecode.swift; path = WindDTO.swift; sourceTree = "<group>"; };
		9BD27D9E299E1CB600359C4D /* SysDTO.swift */ = {isa = PBXFileReference; lastKnownFileType = sourcecode.swift; path = SysDTO.swift; sourceTree = "<group>"; };
		9BD27DA0299E1DA600359C4D /* RainDTO.swift */ = {isa = PBXFileReference; lastKnownFileType = sourcecode.swift; path = RainDTO.swift; sourceTree = "<group>"; };
		9BD27DA5299E382C00359C4D /* WeatherInfo.swift */ = {isa = PBXFileReference; lastKnownFileType = sourcecode.swift; path = WeatherInfo.swift; sourceTree = "<group>"; };
		9BD27DA7299E38CE00359C4D /* City.swift */ = {isa = PBXFileReference; lastKnownFileType = sourcecode.swift; path = City.swift; sourceTree = "<group>"; };
		9BD27DA9299E396300359C4D /* ObservationInfo.swift */ = {isa = PBXFileReference; lastKnownFileType = sourcecode.swift; path = ObservationInfo.swift; sourceTree = "<group>"; };
		9BD27DAE299E54CF00359C4D /* WeatherRepository.swift */ = {isa = PBXFileReference; lastKnownFileType = sourcecode.swift; path = WeatherRepository.swift; sourceTree = "<group>"; };
		9BD27DB1299E58F300359C4D /* WeatherRepositoryable.swift */ = {isa = PBXFileReference; lastKnownFileType = sourcecode.swift; path = WeatherRepositoryable.swift; sourceTree = "<group>"; };
		9BD27DB4299E597D00359C4D /* WeatherUseCase.swift */ = {isa = PBXFileReference; lastKnownFileType = sourcecode.swift; path = WeatherUseCase.swift; sourceTree = "<group>"; };
		9BD27DB6299E61DD00359C4D /* DayWeatherInfo.swift */ = {isa = PBXFileReference; lastKnownFileType = sourcecode.swift; path = DayWeatherInfo.swift; sourceTree = "<group>"; };
		9BD27DB9299F295700359C4D /* UIStackView+Extension.swift */ = {isa = PBXFileReference; lastKnownFileType = sourcecode.swift; path = "UIStackView+Extension.swift"; sourceTree = "<group>"; };
		9BD27DBB299F298900359C4D /* UIView+Extension.swift */ = {isa = PBXFileReference; lastKnownFileType = sourcecode.swift; path = "UIView+Extension.swift"; sourceTree = "<group>"; };
		9BD27DBD299F424C00359C4D /* RoundView.swift */ = {isa = PBXFileReference; lastKnownFileType = sourcecode.swift; path = RoundView.swift; sourceTree = "<group>"; };
		9BD27DBF299F468700359C4D /* RoundLabelView.swift */ = {isa = PBXFileReference; lastKnownFileType = sourcecode.swift; path = RoundLabelView.swift; sourceTree = "<group>"; };
		9BD27DC1299F568400359C4D /* RoundTableView.swift */ = {isa = PBXFileReference; lastKnownFileType = sourcecode.swift; path = RoundTableView.swift; sourceTree = "<group>"; };
		9BD27DC4299F578800359C4D /* WeatherTableViewCell.swift */ = {isa = PBXFileReference; lastKnownFileType = sourcecode.swift; path = WeatherTableViewCell.swift; sourceTree = "<group>"; };
		9BD27DC6299F634900359C4D /* WeatherCollectionViewCell.swift */ = {isa = PBXFileReference; lastKnownFileType = sourcecode.swift; path = WeatherCollectionViewCell.swift; sourceTree = "<group>"; };
		9BD27DC8299F644900359C4D /* RoundCollectionView.swift */ = {isa = PBXFileReference; lastKnownFileType = sourcecode.swift; path = RoundCollectionView.swift; sourceTree = "<group>"; };
		9BD27DCB299F6F0000359C4D /* MainViewModel.swift */ = {isa = PBXFileReference; lastKnownFileType = sourcecode.swift; path = MainViewModel.swift; sourceTree = "<group>"; };
		9BD27DCD299FD04700359C4D /* UIViewController+Extension.swift */ = {isa = PBXFileReference; lastKnownFileType = sourcecode.swift; path = "UIViewController+Extension.swift"; sourceTree = "<group>"; };
		9BD27DCF299FD07300359C4D /* UIAlertController+Extension.swift */ = {isa = PBXFileReference; lastKnownFileType = sourcecode.swift; path = "UIAlertController+Extension.swift"; sourceTree = "<group>"; };
		9BD27DD2299FE0F100359C4D /* SearchViewController.swift */ = {isa = PBXFileReference; lastKnownFileType = sourcecode.swift; path = SearchViewController.swift; sourceTree = "<group>"; };
		9BD27DD5299FE4D900359C4D /* SearchTableViewCell.swift */ = {isa = PBXFileReference; lastKnownFileType = sourcecode.swift; path = SearchTableViewCell.swift; sourceTree = "<group>"; };
/* End PBXFileReference section */

/* Begin PBXFrameworksBuildPhase section */
		9BA4F99F299CAFA3000B3C8B /* Frameworks */ = {
			isa = PBXFrameworksBuildPhase;
			buildActionMask = 2147483647;
			files = (
				9BA4F9C0299CB3A3000B3C8B /* SnapKit in Frameworks */,
				9BA4F9BD299CB38F000B3C8B /* RxSwift in Frameworks */,
				9BA4F9BB299CB38F000B3C8B /* RxCocoa in Frameworks */,
			);
			runOnlyForDeploymentPostprocessing = 0;
		};
/* End PBXFrameworksBuildPhase section */

/* Begin PBXGroup section */
		9B36F203299FEE3B00D139C1 /* View */ = {
			isa = PBXGroup;
			children = (
				9BD27DD5299FE4D900359C4D /* SearchTableViewCell.swift */,
			);
			path = View;
			sourceTree = "<group>";
		};
		9B36F204299FEE8A00D139C1 /* ViewModel */ = {
			isa = PBXGroup;
			children = (
				9B36F205299FEEA800D139C1 /* SearchViewModel.swift */,
			);
			path = ViewModel;
			sourceTree = "<group>";
		};
		9B36F207299FFF8800D139C1 /* Coordinator */ = {
			isa = PBXGroup;
			children = (
				9B36F208299FFFB300D139C1 /* SearchCoordinator.swift */,
			);
			path = Coordinator;
			sourceTree = "<group>";
		};
		9BA4F999299CAFA3000B3C8B = {
			isa = PBXGroup;
			children = (
				9BA4F9A4299CAFA3000B3C8B /* WeatherApp */,
				9BA4F9A3299CAFA3000B3C8B /* Products */,
			);
			sourceTree = "<group>";
		};
		9BA4F9A3299CAFA3000B3C8B /* Products */ = {
			isa = PBXGroup;
			children = (
				9BA4F9A2299CAFA3000B3C8B /* WeatherApp.app */,
			);
			name = Products;
			sourceTree = "<group>";
		};
		9BA4F9A4299CAFA3000B3C8B /* WeatherApp */ = {
			isa = PBXGroup;
			children = (
				9B36F201299FEB1C00D139C1 /* citylist.json */,
				9BA4F9C4299CB4AA000B3C8B /* Application */,
				9BA4F9D6299DE451000B3C8B /* Data */,
				9BD27DA3299E368C00359C4D /* Domain */,
				9BA4F9CA299CE5D5000B3C8B /* Presentation */,
				9BA4F9D0299CE8EB000B3C8B /* Utils */,
				9BA4F9AE299CAFA7000B3C8B /* Assets.xcassets */,
				9BA4F9B0299CAFA7000B3C8B /* LaunchScreen.storyboard */,
				9BA4F9B3299CAFA7000B3C8B /* Info.plist */,
				9BA4F9E1299DEEB4000B3C8B /* WeatherAPIInfo.plist */,
			);
			path = WeatherApp;
			sourceTree = "<group>";
		};
		9BA4F9C4299CB4AA000B3C8B /* Application */ = {
			isa = PBXGroup;
			children = (
				9BA4F9C5299CB4C4000B3C8B /* Coordinator */,
				9BA4F9A5299CAFA3000B3C8B /* AppDelegate.swift */,
				9BA4F9A7299CAFA3000B3C8B /* SceneDelegate.swift */,
			);
			path = Application;
			sourceTree = "<group>";
		};
		9BA4F9C5299CB4C4000B3C8B /* Coordinator */ = {
			isa = PBXGroup;
			children = (
				9BA4F9C6299CB4D8000B3C8B /* Coordinator.swift */,
				9BA4F9C8299CB4F1000B3C8B /* AppCoordinator.swift */,
			);
			path = Coordinator;
			sourceTree = "<group>";
		};
		9BA4F9CA299CE5D5000B3C8B /* Presentation */ = {
			isa = PBXGroup;
			children = (
				9BD27DD1299FDFFA00359C4D /* Search */,
				9BD27DB8299F294400359C4D /* Extension */,
				9BA4F9CB299CE5F2000B3C8B /* Main */,
			);
			path = Presentation;
			sourceTree = "<group>";
		};
		9BA4F9CB299CE5F2000B3C8B /* Main */ = {
			isa = PBXGroup;
			children = (
				9BD27DCA299F6E6600359C4D /* ViewModel */,
				9BA4F9D3299CECD8000B3C8B /* View */,
				9BA4F9CC299CE5FD000B3C8B /* Coordinator */,
				9BA4F9CD299CE604000B3C8B /* ViewController */,
			);
			path = Main;
			sourceTree = "<group>";
		};
		9BA4F9CC299CE5FD000B3C8B /* Coordinator */ = {
			isa = PBXGroup;
			children = (
				9BA4F9CE299CE618000B3C8B /* MainCoordinator.swift */,
			);
			path = Coordinator;
			sourceTree = "<group>";
		};
		9BA4F9CD299CE604000B3C8B /* ViewController */ = {
			isa = PBXGroup;
			children = (
				9BA4F9A9299CAFA3000B3C8B /* MainViewController.swift */,
			);
			path = ViewController;
			sourceTree = "<group>";
		};
		9BA4F9D0299CE8EB000B3C8B /* Utils */ = {
			isa = PBXGroup;
			children = (
				9BA4F9DE299DEA90000B3C8B /* Error */,
				9BA4F9D1299CE900000B3C8B /* Then.swift */,
				9BA4F9E3299DF09A000B3C8B /* Bundle+Extension.swift */,
			);
			path = Utils;
			sourceTree = "<group>";
		};
		9BA4F9D3299CECD8000B3C8B /* View */ = {
			isa = PBXGroup;
			children = (
				9BD27DC3299F577300359C4D /* Cell */,
				9BA4F9D4299CECE5000B3C8B /* MainView.swift */,
				9BD27DBD299F424C00359C4D /* RoundView.swift */,
				9BD27DBF299F468700359C4D /* RoundLabelView.swift */,
				9BD27DC1299F568400359C4D /* RoundTableView.swift */,
				9BD27DC8299F644900359C4D /* RoundCollectionView.swift */,
			);
			path = View;
			sourceTree = "<group>";
		};
		9BA4F9D6299DE451000B3C8B /* Data */ = {
			isa = PBXGroup;
			children = (
				9BD27DAD299E54A600359C4D /* Repository */,
				9BA4F9D7299DE45D000B3C8B /* Network */,
			);
			path = Data;
			sourceTree = "<group>";
		};
		9BA4F9D7299DE45D000B3C8B /* Network */ = {
			isa = PBXGroup;
			children = (
				9BA4F9DB299DE898000B3C8B /* Service */,
				9BA4F9D8299DE476000B3C8B /* WeatherAPI */,
			);
			path = Network;
			sourceTree = "<group>";
		};
		9BA4F9D8299DE476000B3C8B /* WeatherAPI */ = {
			isa = PBXGroup;
			children = (
				9BD27D88299E106600359C4D /* DTO */,
				9BA4F9D9299DE4D0000B3C8B /* WeatherEndpointAPI.swift */,
			);
			path = WeatherAPI;
			sourceTree = "<group>";
		};
		9BA4F9DB299DE898000B3C8B /* Service */ = {
			isa = PBXGroup;
			children = (
				9BA4F9DC299DE8B4000B3C8B /* Endpoint.swift */,
				9BA4F9E5299DF4ED000B3C8B /* NetworkService.swift */,
			);
			path = Service;
			sourceTree = "<group>";
		};
		9BA4F9DE299DEA90000B3C8B /* Error */ = {
			isa = PBXGroup;
			children = (
				9BA4F9DF299DEABB000B3C8B /* HTTPError.swift */,
				9BA4F9E7299DF69D000B3C8B /* WeatherServiceError.swift */,
			);
			path = Error;
			sourceTree = "<group>";
		};
		9BD27D88299E106600359C4D /* DTO */ = {
			isa = PBXGroup;
			children = (
				9BD27D89299E109200359C4D /* WeatherInfoDTO.swift */,
				9BD27D8D299E13A400359C4D /* CityDTO.swift */,
				9BD27D8B299E115A00359C4D /* ObservationInfoDTO.swift */,
				9BD27D9C299E1C2400359C4D /* WindDTO.swift */,
				9BD27D8F299E14DF00359C4D /* CoordDTO.swift */,
				9BD27D91299E17EB00359C4D /* ClimateDTO.swift */,
				9BD27D93299E18A100359C4D /* WeatherDTO.swift */,
				9BD27D9A299E1B7600359C4D /* CloudsDTO.swift */,
				9BD27D9E299E1CB600359C4D /* SysDTO.swift */,
				9BD27DA0299E1DA600359C4D /* RainDTO.swift */,
			);
			path = DTO;
			sourceTree = "<group>";
		};
		9BD27DA3299E368C00359C4D /* Domain */ = {
			isa = PBXGroup;
			children = (
				9BD27DB3299E596300359C4D /* UseCase */,
				9BD27DB0299E58C100359C4D /* Interface */,
				9BD27DA4299E36A400359C4D /* Entity */,
			);
			path = Domain;
			sourceTree = "<group>";
		};
		9BD27DA4299E36A400359C4D /* Entity */ = {
			isa = PBXGroup;
			children = (
				9BD27DA5299E382C00359C4D /* WeatherInfo.swift */,
				9BD27DA9299E396300359C4D /* ObservationInfo.swift */,
				9BD27DB6299E61DD00359C4D /* DayWeatherInfo.swift */,
				9BD27DA7299E38CE00359C4D /* City.swift */,
			);
			path = Entity;
			sourceTree = "<group>";
		};
		9BD27DAD299E54A600359C4D /* Repository */ = {
			isa = PBXGroup;
			children = (
				9BD27DAE299E54CF00359C4D /* WeatherRepository.swift */,
			);
			path = Repository;
			sourceTree = "<group>";
		};
		9BD27DB0299E58C100359C4D /* Interface */ = {
			isa = PBXGroup;
			children = (
				9BD27DB1299E58F300359C4D /* WeatherRepositoryable.swift */,
			);
			path = Interface;
			sourceTree = "<group>";
		};
		9BD27DB3299E596300359C4D /* UseCase */ = {
			isa = PBXGroup;
			children = (
				9BD27DB4299E597D00359C4D /* WeatherUseCase.swift */,
			);
			path = UseCase;
			sourceTree = "<group>";
		};
		9BD27DB8299F294400359C4D /* Extension */ = {
			isa = PBXGroup;
			children = (
				9BD27DB9299F295700359C4D /* UIStackView+Extension.swift */,
				9BD27DBB299F298900359C4D /* UIView+Extension.swift */,
				9BD27DCF299FD07300359C4D /* UIAlertController+Extension.swift */,
				9BD27DCD299FD04700359C4D /* UIViewController+Extension.swift */,
			);
			path = Extension;
			sourceTree = "<group>";
		};
		9BD27DC3299F577300359C4D /* Cell */ = {
			isa = PBXGroup;
			children = (
				9BD27DC4299F578800359C4D /* WeatherTableViewCell.swift */,
				9BD27DC6299F634900359C4D /* WeatherCollectionViewCell.swift */,
			);
			path = Cell;
			sourceTree = "<group>";
		};
		9BD27DCA299F6E6600359C4D /* ViewModel */ = {
			isa = PBXGroup;
			children = (
				9BD27DCB299F6F0000359C4D /* MainViewModel.swift */,
			);
			path = ViewModel;
			sourceTree = "<group>";
		};
		9BD27DD1299FDFFA00359C4D /* Search */ = {
			isa = PBXGroup;
			children = (
				9B36F207299FFF8800D139C1 /* Coordinator */,
				9B36F204299FEE8A00D139C1 /* ViewModel */,
				9B36F203299FEE3B00D139C1 /* View */,
				9BD27DD4299FE4A000359C4D /* ViewController */,
			);
			path = Search;
			sourceTree = "<group>";
		};
		9BD27DD4299FE4A000359C4D /* ViewController */ = {
			isa = PBXGroup;
			children = (
				9BD27DD2299FE0F100359C4D /* SearchViewController.swift */,
			);
			path = ViewController;
			sourceTree = "<group>";
		};
/* End PBXGroup section */

/* Begin PBXNativeTarget section */
		9BA4F9A1299CAFA3000B3C8B /* WeatherApp */ = {
			isa = PBXNativeTarget;
			buildConfigurationList = 9BA4F9B6299CAFA7000B3C8B /* Build configuration list for PBXNativeTarget "WeatherApp" */;
			buildPhases = (
				9BA4F99E299CAFA3000B3C8B /* Sources */,
				9BA4F99F299CAFA3000B3C8B /* Frameworks */,
				9BA4F9A0299CAFA3000B3C8B /* Resources */,
			);
			buildRules = (
			);
			dependencies = (
			);
			name = WeatherApp;
			packageProductDependencies = (
				9BA4F9BA299CB38F000B3C8B /* RxCocoa */,
				9BA4F9BC299CB38F000B3C8B /* RxSwift */,
				9BA4F9BF299CB3A3000B3C8B /* SnapKit */,
			);
			productName = WeatherApp;
			productReference = 9BA4F9A2299CAFA3000B3C8B /* WeatherApp.app */;
			productType = "com.apple.product-type.application";
		};
/* End PBXNativeTarget section */

/* Begin PBXProject section */
		9BA4F99A299CAFA3000B3C8B /* Project object */ = {
			isa = PBXProject;
			attributes = {
				BuildIndependentTargetsInParallel = 1;
				LastSwiftUpdateCheck = 1400;
				LastUpgradeCheck = 1400;
				TargetAttributes = {
					9BA4F9A1299CAFA3000B3C8B = {
						CreatedOnToolsVersion = 14.0.1;
					};
				};
			};
			buildConfigurationList = 9BA4F99D299CAFA3000B3C8B /* Build configuration list for PBXProject "WeatherApp" */;
			compatibilityVersion = "Xcode 14.0";
			developmentRegion = en;
			hasScannedForEncodings = 0;
			knownRegions = (
				en,
				Base,
			);
			mainGroup = 9BA4F999299CAFA3000B3C8B;
			packageReferences = (
				9BA4F9B9299CB38F000B3C8B /* XCRemoteSwiftPackageReference "RxSwift" */,
				9BA4F9BE299CB3A3000B3C8B /* XCRemoteSwiftPackageReference "SnapKit" */,
				9BA4F9C1299CB3EC000B3C8B /* XCRemoteSwiftPackageReference "Alamofire" */,
			);
			productRefGroup = 9BA4F9A3299CAFA3000B3C8B /* Products */;
			projectDirPath = "";
			projectRoot = "";
			targets = (
				9BA4F9A1299CAFA3000B3C8B /* WeatherApp */,
			);
		};
/* End PBXProject section */

/* Begin PBXResourcesBuildPhase section */
		9BA4F9A0299CAFA3000B3C8B /* Resources */ = {
			isa = PBXResourcesBuildPhase;
			buildActionMask = 2147483647;
			files = (
				9BA4F9B2299CAFA7000B3C8B /* LaunchScreen.storyboard in Resources */,
				9B36F202299FEB1D00D139C1 /* citylist.json in Resources */,
				9BA4F9E2299DEEB4000B3C8B /* WeatherAPIInfo.plist in Resources */,
				9BA4F9AF299CAFA7000B3C8B /* Assets.xcassets in Resources */,
			);
			runOnlyForDeploymentPostprocessing = 0;
		};
/* End PBXResourcesBuildPhase section */

/* Begin PBXSourcesBuildPhase section */
		9BA4F99E299CAFA3000B3C8B /* Sources */ = {
			isa = PBXSourcesBuildPhase;
			buildActionMask = 2147483647;
			files = (
				9BD27DBC299F298900359C4D /* UIView+Extension.swift in Sources */,
				9BA4F9C7299CB4D8000B3C8B /* Coordinator.swift in Sources */,
				9BD27DAA299E396300359C4D /* ObservationInfo.swift in Sources */,
				9BD27DBE299F424C00359C4D /* RoundView.swift in Sources */,
				9BD27DC5299F578800359C4D /* WeatherTableViewCell.swift in Sources */,
				9BD27DC7299F634900359C4D /* WeatherCollectionViewCell.swift in Sources */,
				9B36F206299FEEA800D139C1 /* SearchViewModel.swift in Sources */,
				9BA4F9E0299DEABB000B3C8B /* HTTPError.swift in Sources */,
				9B36F209299FFFB300D139C1 /* SearchCoordinator.swift in Sources */,
				9BD27D94299E18A100359C4D /* WeatherDTO.swift in Sources */,
				9BD27D8C299E115A00359C4D /* ObservationInfoDTO.swift in Sources */,
				9BA4F9DA299DE4D0000B3C8B /* WeatherEndpointAPI.swift in Sources */,
				9BD27D92299E17EB00359C4D /* ClimateDTO.swift in Sources */,
				9BA4F9E8299DF69D000B3C8B /* WeatherServiceError.swift in Sources */,
				9BA4F9D5299CECE5000B3C8B /* MainView.swift in Sources */,
				9BA4F9CF299CE618000B3C8B /* MainCoordinator.swift in Sources */,
				9BA4F9DD299DE8B4000B3C8B /* Endpoint.swift in Sources */,
				9BD27DD3299FE0F100359C4D /* SearchViewController.swift in Sources */,
				9BD27DCC299F6F0000359C4D /* MainViewModel.swift in Sources */,
				9BA4F9AA299CAFA3000B3C8B /* MainViewController.swift in Sources */,
				9BD27D90299E14DF00359C4D /* CoordDTO.swift in Sources */,
				9BD27DBA299F295700359C4D /* UIStackView+Extension.swift in Sources */,
				9BA4F9E4299DF09A000B3C8B /* Bundle+Extension.swift in Sources */,
				9BD27DB5299E597D00359C4D /* WeatherUseCase.swift in Sources */,
				9BD27DAF299E54CF00359C4D /* WeatherRepository.swift in Sources */,
				9BA4F9C9299CB4F1000B3C8B /* AppCoordinator.swift in Sources */,
				9BD27DB7299E61DD00359C4D /* DayWeatherInfo.swift in Sources */,
				9BA4F9A6299CAFA3000B3C8B /* AppDelegate.swift in Sources */,
				9BD27DC2299F568400359C4D /* RoundTableView.swift in Sources */,
				9BD27DC0299F468700359C4D /* RoundLabelView.swift in Sources */,
				9BD27DCE299FD04700359C4D /* UIViewController+Extension.swift in Sources */,
				9BA4F9A8299CAFA3000B3C8B /* SceneDelegate.swift in Sources */,
				9BD27D9D299E1C2400359C4D /* WindDTO.swift in Sources */,
				9BD27DA1299E1DA600359C4D /* RainDTO.swift in Sources */,
				9BA4F9E6299DF4ED000B3C8B /* NetworkService.swift in Sources */,
				9BD27D9B299E1B7600359C4D /* CloudsDTO.swift in Sources */,
				9BD27D8E299E13A400359C4D /* CityDTO.swift in Sources */,
				9BD27DB2299E58F300359C4D /* WeatherRepositoryable.swift in Sources */,
				9BD27D9F299E1CB600359C4D /* SysDTO.swift in Sources */,
				9BD27DD6299FE4D900359C4D /* SearchTableViewCell.swift in Sources */,
				9BD27DD0299FD07300359C4D /* UIAlertController+Extension.swift in Sources */,
				9BD27D8A299E109200359C4D /* WeatherInfoDTO.swift in Sources */,
				9BD27DC9299F644900359C4D /* RoundCollectionView.swift in Sources */,
				9BD27DA6299E382C00359C4D /* WeatherInfo.swift in Sources */,
				9BD27DA8299E38CE00359C4D /* City.swift in Sources */,
				9BA4F9D2299CE900000B3C8B /* Then.swift in Sources */,
			);
			runOnlyForDeploymentPostprocessing = 0;
		};
/* End PBXSourcesBuildPhase section */

/* Begin PBXVariantGroup section */
		9BA4F9B0299CAFA7000B3C8B /* LaunchScreen.storyboard */ = {
			isa = PBXVariantGroup;
			children = (
				9BA4F9B1299CAFA7000B3C8B /* Base */,
			);
			name = LaunchScreen.storyboard;
			sourceTree = "<group>";
		};
/* End PBXVariantGroup section */

/* Begin XCBuildConfiguration section */
		9BA4F9B4299CAFA7000B3C8B /* Debug */ = {
			isa = XCBuildConfiguration;
			buildSettings = {
				ALWAYS_SEARCH_USER_PATHS = NO;
				CLANG_ANALYZER_NONNULL = YES;
				CLANG_ANALYZER_NUMBER_OBJECT_CONVERSION = YES_AGGRESSIVE;
				CLANG_CXX_LANGUAGE_STANDARD = "gnu++20";
				CLANG_ENABLE_MODULES = YES;
				CLANG_ENABLE_OBJC_ARC = YES;
				CLANG_ENABLE_OBJC_WEAK = YES;
				CLANG_WARN_BLOCK_CAPTURE_AUTORELEASING = YES;
				CLANG_WARN_BOOL_CONVERSION = YES;
				CLANG_WARN_COMMA = YES;
				CLANG_WARN_CONSTANT_CONVERSION = YES;
				CLANG_WARN_DEPRECATED_OBJC_IMPLEMENTATIONS = YES;
				CLANG_WARN_DIRECT_OBJC_ISA_USAGE = YES_ERROR;
				CLANG_WARN_DOCUMENTATION_COMMENTS = YES;
				CLANG_WARN_EMPTY_BODY = YES;
				CLANG_WARN_ENUM_CONVERSION = YES;
				CLANG_WARN_INFINITE_RECURSION = YES;
				CLANG_WARN_INT_CONVERSION = YES;
				CLANG_WARN_NON_LITERAL_NULL_CONVERSION = YES;
				CLANG_WARN_OBJC_IMPLICIT_RETAIN_SELF = YES;
				CLANG_WARN_OBJC_LITERAL_CONVERSION = YES;
				CLANG_WARN_OBJC_ROOT_CLASS = YES_ERROR;
				CLANG_WARN_QUOTED_INCLUDE_IN_FRAMEWORK_HEADER = YES;
				CLANG_WARN_RANGE_LOOP_ANALYSIS = YES;
				CLANG_WARN_STRICT_PROTOTYPES = YES;
				CLANG_WARN_SUSPICIOUS_MOVE = YES;
				CLANG_WARN_UNGUARDED_AVAILABILITY = YES_AGGRESSIVE;
				CLANG_WARN_UNREACHABLE_CODE = YES;
				CLANG_WARN__DUPLICATE_METHOD_MATCH = YES;
				COPY_PHASE_STRIP = NO;
				DEBUG_INFORMATION_FORMAT = dwarf;
				ENABLE_STRICT_OBJC_MSGSEND = YES;
				ENABLE_TESTABILITY = YES;
				GCC_C_LANGUAGE_STANDARD = gnu11;
				GCC_DYNAMIC_NO_PIC = NO;
				GCC_NO_COMMON_BLOCKS = YES;
				GCC_OPTIMIZATION_LEVEL = 0;
				GCC_PREPROCESSOR_DEFINITIONS = (
					"DEBUG=1",
					"$(inherited)",
				);
				GCC_WARN_64_TO_32_BIT_CONVERSION = YES;
				GCC_WARN_ABOUT_RETURN_TYPE = YES_ERROR;
				GCC_WARN_UNDECLARED_SELECTOR = YES;
				GCC_WARN_UNINITIALIZED_AUTOS = YES_AGGRESSIVE;
				GCC_WARN_UNUSED_FUNCTION = YES;
				GCC_WARN_UNUSED_VARIABLE = YES;
				IPHONEOS_DEPLOYMENT_TARGET = 16.0;
				MTL_ENABLE_DEBUG_INFO = INCLUDE_SOURCE;
				MTL_FAST_MATH = YES;
				ONLY_ACTIVE_ARCH = YES;
				SDKROOT = iphoneos;
				SWIFT_ACTIVE_COMPILATION_CONDITIONS = DEBUG;
				SWIFT_OPTIMIZATION_LEVEL = "-Onone";
			};
			name = Debug;
		};
		9BA4F9B5299CAFA7000B3C8B /* Release */ = {
			isa = XCBuildConfiguration;
			buildSettings = {
				ALWAYS_SEARCH_USER_PATHS = NO;
				CLANG_ANALYZER_NONNULL = YES;
				CLANG_ANALYZER_NUMBER_OBJECT_CONVERSION = YES_AGGRESSIVE;
				CLANG_CXX_LANGUAGE_STANDARD = "gnu++20";
				CLANG_ENABLE_MODULES = YES;
				CLANG_ENABLE_OBJC_ARC = YES;
				CLANG_ENABLE_OBJC_WEAK = YES;
				CLANG_WARN_BLOCK_CAPTURE_AUTORELEASING = YES;
				CLANG_WARN_BOOL_CONVERSION = YES;
				CLANG_WARN_COMMA = YES;
				CLANG_WARN_CONSTANT_CONVERSION = YES;
				CLANG_WARN_DEPRECATED_OBJC_IMPLEMENTATIONS = YES;
				CLANG_WARN_DIRECT_OBJC_ISA_USAGE = YES_ERROR;
				CLANG_WARN_DOCUMENTATION_COMMENTS = YES;
				CLANG_WARN_EMPTY_BODY = YES;
				CLANG_WARN_ENUM_CONVERSION = YES;
				CLANG_WARN_INFINITE_RECURSION = YES;
				CLANG_WARN_INT_CONVERSION = YES;
				CLANG_WARN_NON_LITERAL_NULL_CONVERSION = YES;
				CLANG_WARN_OBJC_IMPLICIT_RETAIN_SELF = YES;
				CLANG_WARN_OBJC_LITERAL_CONVERSION = YES;
				CLANG_WARN_OBJC_ROOT_CLASS = YES_ERROR;
				CLANG_WARN_QUOTED_INCLUDE_IN_FRAMEWORK_HEADER = YES;
				CLANG_WARN_RANGE_LOOP_ANALYSIS = YES;
				CLANG_WARN_STRICT_PROTOTYPES = YES;
				CLANG_WARN_SUSPICIOUS_MOVE = YES;
				CLANG_WARN_UNGUARDED_AVAILABILITY = YES_AGGRESSIVE;
				CLANG_WARN_UNREACHABLE_CODE = YES;
				CLANG_WARN__DUPLICATE_METHOD_MATCH = YES;
				COPY_PHASE_STRIP = NO;
				DEBUG_INFORMATION_FORMAT = "dwarf-with-dsym";
				ENABLE_NS_ASSERTIONS = NO;
				ENABLE_STRICT_OBJC_MSGSEND = YES;
				GCC_C_LANGUAGE_STANDARD = gnu11;
				GCC_NO_COMMON_BLOCKS = YES;
				GCC_WARN_64_TO_32_BIT_CONVERSION = YES;
				GCC_WARN_ABOUT_RETURN_TYPE = YES_ERROR;
				GCC_WARN_UNDECLARED_SELECTOR = YES;
				GCC_WARN_UNINITIALIZED_AUTOS = YES_AGGRESSIVE;
				GCC_WARN_UNUSED_FUNCTION = YES;
				GCC_WARN_UNUSED_VARIABLE = YES;
				IPHONEOS_DEPLOYMENT_TARGET = 16.0;
				MTL_ENABLE_DEBUG_INFO = NO;
				MTL_FAST_MATH = YES;
				SDKROOT = iphoneos;
				SWIFT_COMPILATION_MODE = wholemodule;
				SWIFT_OPTIMIZATION_LEVEL = "-O";
				VALIDATE_PRODUCT = YES;
			};
			name = Release;
		};
		9BA4F9B7299CAFA7000B3C8B /* Debug */ = {
			isa = XCBuildConfiguration;
			buildSettings = {
				ASSETCATALOG_COMPILER_APPICON_NAME = AppIcon;
				ASSETCATALOG_COMPILER_GLOBAL_ACCENT_COLOR_NAME = AccentColor;
				CODE_SIGN_STYLE = Automatic;
				CURRENT_PROJECT_VERSION = 1;
				GENERATE_INFOPLIST_FILE = YES;
				INFOPLIST_FILE = WeatherApp/Info.plist;
				INFOPLIST_KEY_UIApplicationSupportsIndirectInputEvents = YES;
				INFOPLIST_KEY_UILaunchStoryboardName = LaunchScreen;
				INFOPLIST_KEY_UISupportedInterfaceOrientations_iPad = "UIInterfaceOrientationPortrait UIInterfaceOrientationPortraitUpsideDown UIInterfaceOrientationLandscapeLeft UIInterfaceOrientationLandscapeRight";
				INFOPLIST_KEY_UISupportedInterfaceOrientations_iPhone = "UIInterfaceOrientationPortrait UIInterfaceOrientationLandscapeLeft UIInterfaceOrientationLandscapeRight";
				LD_RUNPATH_SEARCH_PATHS = (
					"$(inherited)",
					"@executable_path/Frameworks",
				);
				MARKETING_VERSION = 1.0;
				PRODUCT_BUNDLE_IDENTIFIER = siwon.WeatherApp;
				PRODUCT_NAME = "$(TARGET_NAME)";
				SWIFT_EMIT_LOC_STRINGS = YES;
				SWIFT_VERSION = 5.0;
				TARGETED_DEVICE_FAMILY = "1,2";
			};
			name = Debug;
		};
		9BA4F9B8299CAFA7000B3C8B /* Release */ = {
			isa = XCBuildConfiguration;
			buildSettings = {
				ASSETCATALOG_COMPILER_APPICON_NAME = AppIcon;
				ASSETCATALOG_COMPILER_GLOBAL_ACCENT_COLOR_NAME = AccentColor;
				CODE_SIGN_STYLE = Automatic;
				CURRENT_PROJECT_VERSION = 1;
				GENERATE_INFOPLIST_FILE = YES;
				INFOPLIST_FILE = WeatherApp/Info.plist;
				INFOPLIST_KEY_UIApplicationSupportsIndirectInputEvents = YES;
				INFOPLIST_KEY_UILaunchStoryboardName = LaunchScreen;
				INFOPLIST_KEY_UISupportedInterfaceOrientations_iPad = "UIInterfaceOrientationPortrait UIInterfaceOrientationPortraitUpsideDown UIInterfaceOrientationLandscapeLeft UIInterfaceOrientationLandscapeRight";
				INFOPLIST_KEY_UISupportedInterfaceOrientations_iPhone = "UIInterfaceOrientationPortrait UIInterfaceOrientationLandscapeLeft UIInterfaceOrientationLandscapeRight";
				LD_RUNPATH_SEARCH_PATHS = (
					"$(inherited)",
					"@executable_path/Frameworks",
				);
				MARKETING_VERSION = 1.0;
				PRODUCT_BUNDLE_IDENTIFIER = siwon.WeatherApp;
				PRODUCT_NAME = "$(TARGET_NAME)";
				SWIFT_EMIT_LOC_STRINGS = YES;
				SWIFT_VERSION = 5.0;
				TARGETED_DEVICE_FAMILY = "1,2";
			};
			name = Release;
		};
/* End XCBuildConfiguration section */

/* Begin XCConfigurationList section */
		9BA4F99D299CAFA3000B3C8B /* Build configuration list for PBXProject "WeatherApp" */ = {
			isa = XCConfigurationList;
			buildConfigurations = (
				9BA4F9B4299CAFA7000B3C8B /* Debug */,
				9BA4F9B5299CAFA7000B3C8B /* Release */,
			);
			defaultConfigurationIsVisible = 0;
			defaultConfigurationName = Release;
		};
		9BA4F9B6299CAFA7000B3C8B /* Build configuration list for PBXNativeTarget "WeatherApp" */ = {
			isa = XCConfigurationList;
			buildConfigurations = (
				9BA4F9B7299CAFA7000B3C8B /* Debug */,
				9BA4F9B8299CAFA7000B3C8B /* Release */,
			);
			defaultConfigurationIsVisible = 0;
			defaultConfigurationName = Release;
		};
/* End XCConfigurationList section */

/* Begin XCRemoteSwiftPackageReference section */
		9BA4F9B9299CB38F000B3C8B /* XCRemoteSwiftPackageReference "RxSwift" */ = {
			isa = XCRemoteSwiftPackageReference;
			repositoryURL = "https://github.com/ReactiveX/RxSwift";
			requirement = {
				branch = main;
				kind = branch;
			};
		};
		9BA4F9BE299CB3A3000B3C8B /* XCRemoteSwiftPackageReference "SnapKit" */ = {
			isa = XCRemoteSwiftPackageReference;
			repositoryURL = "https://github.com/SnapKit/SnapKit";
			requirement = {
				branch = develop;
				kind = branch;
			};
		};
		9BA4F9C1299CB3EC000B3C8B /* XCRemoteSwiftPackageReference "Alamofire" */ = {
			isa = XCRemoteSwiftPackageReference;
			repositoryURL = "https://github.com/Alamofire/Alamofire";
			requirement = {
				kind = upToNextMajorVersion;
				minimumVersion = 5.0.0;
			};
		};
/* End XCRemoteSwiftPackageReference section */

/* Begin XCSwiftPackageProductDependency section */
		9BA4F9BA299CB38F000B3C8B /* RxCocoa */ = {
			isa = XCSwiftPackageProductDependency;
			package = 9BA4F9B9299CB38F000B3C8B /* XCRemoteSwiftPackageReference "RxSwift" */;
			productName = RxCocoa;
		};
		9BA4F9BC299CB38F000B3C8B /* RxSwift */ = {
			isa = XCSwiftPackageProductDependency;
			package = 9BA4F9B9299CB38F000B3C8B /* XCRemoteSwiftPackageReference "RxSwift" */;
			productName = RxSwift;
		};
		9BA4F9BF299CB3A3000B3C8B /* SnapKit */ = {
			isa = XCSwiftPackageProductDependency;
			package = 9BA4F9BE299CB3A3000B3C8B /* XCRemoteSwiftPackageReference "SnapKit" */;
			productName = SnapKit;
		};
/* End XCSwiftPackageProductDependency section */
	};
	rootObject = 9BA4F99A299CAFA3000B3C8B /* Project object */;
}
